// !$*UTF8*$!
{
	archiveVersion = 1;
	classes = {
	};
	objectVersion = 50;
	objects = {

/* Begin PBXBuildFile section */
		1026609620BA3D4800B0598A /* GoogleService-Info.plist in Resources */ = {isa = PBXBuildFile; fileRef = 1026609520BA3D4800B0598A /* GoogleService-Info.plist */; };
		1046FB1120BC8F7500370749 /* ProfileTableViewCell.swift in Sources */ = {isa = PBXBuildFile; fileRef = 1046FB1020BC8F7500370749 /* ProfileTableViewCell.swift */; };
		1052884E20BE461800DA8511 /* RootViewController.swift in Sources */ = {isa = PBXBuildFile; fileRef = 1052884D20BE461800DA8511 /* RootViewController.swift */; };
		1056165B20BC73C3006E8286 /* WorkoutCell.swift in Sources */ = {isa = PBXBuildFile; fileRef = 1056165A20BC73C3006E8286 /* WorkoutCell.swift */; };
		10810DDB20BB1F6400BE941D /* User.swift in Sources */ = {isa = PBXBuildFile; fileRef = 10810DDA20BB1F6400BE941D /* User.swift */; };
		10810DDD20BB21C300BE941D /* Main.swift in Sources */ = {isa = PBXBuildFile; fileRef = 10810DDC20BB21C300BE941D /* Main.swift */; };
		10A437F820BA1736006B12BC /* AppDelegate.swift in Sources */ = {isa = PBXBuildFile; fileRef = 10A437F720BA1736006B12BC /* AppDelegate.swift */; };
		10A437FA20BA1736006B12BC /* LoginViewController.swift in Sources */ = {isa = PBXBuildFile; fileRef = 10A437F920BA1736006B12BC /* LoginViewController.swift */; };
		10A437FD20BA1736006B12BC /* Main.storyboard in Resources */ = {isa = PBXBuildFile; fileRef = 10A437FB20BA1736006B12BC /* Main.storyboard */; };
		10A437FF20BA173A006B12BC /* Assets.xcassets in Resources */ = {isa = PBXBuildFile; fileRef = 10A437FE20BA173A006B12BC /* Assets.xcassets */; };
		10A4380220BA173A006B12BC /* LaunchScreen.storyboard in Resources */ = {isa = PBXBuildFile; fileRef = 10A4380020BA173A006B12BC /* LaunchScreen.storyboard */; };
		10DD431C20BA473800E2DA1A /* Extensions.swift in Sources */ = {isa = PBXBuildFile; fileRef = 10DD431B20BA473800E2DA1A /* Extensions.swift */; };
		10FD274220BB9683004E05FE /* CustomTabBarController.swift in Sources */ = {isa = PBXBuildFile; fileRef = 10FD274120BB9683004E05FE /* CustomTabBarController.swift */; };
		10FD274420BBB944004E05FE /* ProfileImageView.swift in Sources */ = {isa = PBXBuildFile; fileRef = 10FD274320BBB944004E05FE /* ProfileImageView.swift */; };
		41E3EFDDC2183AB73004EA98 /* Pods_FitPhotage.framework in Frameworks */ = {isa = PBXBuildFile; fileRef = A988870400DC7C0234E6C009 /* Pods_FitPhotage.framework */; };
		99088E2D20BC52FC004DDF49 /* WorkoutsViewController.swift in Sources */ = {isa = PBXBuildFile; fileRef = 99088E2C20BC52FC004DDF49 /* WorkoutsViewController.swift */; };
		990AE07120BFA11E00B2E088 /* TaskCell.swift in Sources */ = {isa = PBXBuildFile; fileRef = 990AE07020BFA11E00B2E088 /* TaskCell.swift */; };
		990AE07320BFA23800B2E088 /* TasksViewController.swift in Sources */ = {isa = PBXBuildFile; fileRef = 990AE07220BFA23800B2E088 /* TasksViewController.swift */; };
		9941293A20C1F5BA00F38704 /* DocumentsViewController.swift in Sources */ = {isa = PBXBuildFile; fileRef = 9941293920C1F5BA00F38704 /* DocumentsViewController.swift */; };
		9941293C20C1F5FE00F38704 /* DocumentCell.swift in Sources */ = {isa = PBXBuildFile; fileRef = 9941293B20C1F5FE00F38704 /* DocumentCell.swift */; };
		99FC86E820BA461C00EB4EA5 /* ProfileViewController.swift in Sources */ = {isa = PBXBuildFile; fileRef = 99FC86E720BA461C00EB4EA5 /* ProfileViewController.swift */; };
		99FC86EC20BA480C00EB4EA5 /* BackgroundGradient.swift in Sources */ = {isa = PBXBuildFile; fileRef = 99FC86EB20BA480C00EB4EA5 /* BackgroundGradient.swift */; };
/* End PBXBuildFile section */

/* Begin PBXFileReference section */
		1026609520BA3D4800B0598A /* GoogleService-Info.plist */ = {isa = PBXFileReference; fileEncoding = 4; lastKnownFileType = text.plist.xml; path = "GoogleService-Info.plist"; sourceTree = "<group>"; };
		1046FB1020BC8F7500370749 /* ProfileTableViewCell.swift */ = {isa = PBXFileReference; lastKnownFileType = sourcecode.swift; path = ProfileTableViewCell.swift; sourceTree = "<group>"; };
		1052884D20BE461800DA8511 /* RootViewController.swift */ = {isa = PBXFileReference; lastKnownFileType = sourcecode.swift; path = RootViewController.swift; sourceTree = "<group>"; };
		1056165A20BC73C3006E8286 /* WorkoutCell.swift */ = {isa = PBXFileReference; lastKnownFileType = sourcecode.swift; path = WorkoutCell.swift; sourceTree = "<group>"; };
		10810DDA20BB1F6400BE941D /* User.swift */ = {isa = PBXFileReference; lastKnownFileType = sourcecode.swift; name = User.swift; path = FitPhotage/Model/User.swift; sourceTree = SOURCE_ROOT; };
		10810DDC20BB21C300BE941D /* Main.swift */ = {isa = PBXFileReference; lastKnownFileType = sourcecode.swift; name = Main.swift; path = FitPhotage/Model/Main.swift; sourceTree = SOURCE_ROOT; };
		10A437F420BA1736006B12BC /* FitPhotage.app */ = {isa = PBXFileReference; explicitFileType = wrapper.application; includeInIndex = 0; path = FitPhotage.app; sourceTree = BUILT_PRODUCTS_DIR; };
		10A437F720BA1736006B12BC /* AppDelegate.swift */ = {isa = PBXFileReference; lastKnownFileType = sourcecode.swift; path = AppDelegate.swift; sourceTree = "<group>"; };
		10A437F920BA1736006B12BC /* LoginViewController.swift */ = {isa = PBXFileReference; lastKnownFileType = sourcecode.swift; path = LoginViewController.swift; sourceTree = "<group>"; };
		10A437FC20BA1736006B12BC /* Base */ = {isa = PBXFileReference; lastKnownFileType = file.storyboard; name = Base; path = Base.lproj/Main.storyboard; sourceTree = "<group>"; };
		10A437FE20BA173A006B12BC /* Assets.xcassets */ = {isa = PBXFileReference; lastKnownFileType = folder.assetcatalog; path = Assets.xcassets; sourceTree = "<group>"; };
		10A4380120BA173A006B12BC /* Base */ = {isa = PBXFileReference; lastKnownFileType = file.storyboard; name = Base; path = Base.lproj/LaunchScreen.storyboard; sourceTree = "<group>"; };
		10A4380320BA173A006B12BC /* Info.plist */ = {isa = PBXFileReference; lastKnownFileType = text.plist.xml; path = Info.plist; sourceTree = "<group>"; };
		10DD431B20BA473800E2DA1A /* Extensions.swift */ = {isa = PBXFileReference; lastKnownFileType = sourcecode.swift; path = Extensions.swift; sourceTree = "<group>"; };
		10FD274120BB9683004E05FE /* CustomTabBarController.swift */ = {isa = PBXFileReference; lastKnownFileType = sourcecode.swift; path = CustomTabBarController.swift; sourceTree = "<group>"; };
		10FD274320BBB944004E05FE /* ProfileImageView.swift */ = {isa = PBXFileReference; lastKnownFileType = sourcecode.swift; path = ProfileImageView.swift; sourceTree = "<group>"; };
		4DF3C6B736152613013CA963 /* Pods-FitPhotage.release.xcconfig */ = {isa = PBXFileReference; includeInIndex = 1; lastKnownFileType = text.xcconfig; name = "Pods-FitPhotage.release.xcconfig"; path = "Pods/Target Support Files/Pods-FitPhotage/Pods-FitPhotage.release.xcconfig"; sourceTree = "<group>"; };
		99088E2C20BC52FC004DDF49 /* WorkoutsViewController.swift */ = {isa = PBXFileReference; lastKnownFileType = sourcecode.swift; path = WorkoutsViewController.swift; sourceTree = "<group>"; };
		990AE07020BFA11E00B2E088 /* TaskCell.swift */ = {isa = PBXFileReference; lastKnownFileType = sourcecode.swift; path = TaskCell.swift; sourceTree = "<group>"; };
		990AE07220BFA23800B2E088 /* TasksViewController.swift */ = {isa = PBXFileReference; lastKnownFileType = sourcecode.swift; path = TasksViewController.swift; sourceTree = "<group>"; };
		9941293920C1F5BA00F38704 /* DocumentsViewController.swift */ = {isa = PBXFileReference; lastKnownFileType = sourcecode.swift; path = DocumentsViewController.swift; sourceTree = "<group>"; };
		9941293B20C1F5FE00F38704 /* DocumentCell.swift */ = {isa = PBXFileReference; lastKnownFileType = sourcecode.swift; path = DocumentCell.swift; sourceTree = "<group>"; };
		99FC86E720BA461C00EB4EA5 /* ProfileViewController.swift */ = {isa = PBXFileReference; lastKnownFileType = sourcecode.swift; path = ProfileViewController.swift; sourceTree = "<group>"; };
		99FC86EB20BA480C00EB4EA5 /* BackgroundGradient.swift */ = {isa = PBXFileReference; lastKnownFileType = sourcecode.swift; path = BackgroundGradient.swift; sourceTree = "<group>"; };
		9AA3534CE516804ECB1B7C89 /* Pods-FitPhotage.debug.xcconfig */ = {isa = PBXFileReference; includeInIndex = 1; lastKnownFileType = text.xcconfig; name = "Pods-FitPhotage.debug.xcconfig"; path = "Pods/Target Support Files/Pods-FitPhotage/Pods-FitPhotage.debug.xcconfig"; sourceTree = "<group>"; };
		A988870400DC7C0234E6C009 /* Pods_FitPhotage.framework */ = {isa = PBXFileReference; explicitFileType = wrapper.framework; includeInIndex = 0; path = Pods_FitPhotage.framework; sourceTree = BUILT_PRODUCTS_DIR; };
/* End PBXFileReference section */

/* Begin PBXFrameworksBuildPhase section */
		10A437F120BA1736006B12BC /* Frameworks */ = {
			isa = PBXFrameworksBuildPhase;
			buildActionMask = 2147483647;
			files = (
				41E3EFDDC2183AB73004EA98 /* Pods_FitPhotage.framework in Frameworks */,
			);
			runOnlyForDeploymentPostprocessing = 0;
		};
/* End PBXFrameworksBuildPhase section */

/* Begin PBXGroup section */
		1026609320BA377400B0598A /* View */ = {
			isa = PBXGroup;
			children = (
				99FC86EB20BA480C00EB4EA5 /* BackgroundGradient.swift */,
				10FD274320BBB944004E05FE /* ProfileImageView.swift */,
				1056165A20BC73C3006E8286 /* WorkoutCell.swift */,
				990AE07020BFA11E00B2E088 /* TaskCell.swift */,
				1046FB1020BC8F7500370749 /* ProfileTableViewCell.swift */,
				9941293B20C1F5FE00F38704 /* DocumentCell.swift */,
			);
			path = View;
			sourceTree = "<group>";
		};
		1026609420BA377D00B0598A /* Controller */ = {
			isa = PBXGroup;
			children = (
				990AE07220BFA23800B2E088 /* TasksViewController.swift */,
				10A437F920BA1736006B12BC /* LoginViewController.swift */,
				99088E2C20BC52FC004DDF49 /* WorkoutsViewController.swift */,
				99FC86E720BA461C00EB4EA5 /* ProfileViewController.swift */,
				10FD274120BB9683004E05FE /* CustomTabBarController.swift */,
				1052884D20BE461800DA8511 /* RootViewController.swift */,
				9941293920C1F5BA00F38704 /* DocumentsViewController.swift */,
			);
			path = Controller;
			sourceTree = "<group>";
		};
		10810DE020BB220800BE941D /* Model */ = {
			isa = PBXGroup;
			children = (
				10810DDA20BB1F6400BE941D /* User.swift */,
				10810DDC20BB21C300BE941D /* Main.swift */,
			);
			path = Model;
			sourceTree = "<group>";
		};
		10A437EB20BA1736006B12BC = {
			isa = PBXGroup;
			children = (
				10A437F620BA1736006B12BC /* FitPhotage */,
				10A437F520BA1736006B12BC /* Products */,
				3E6738D63A36516ECAFD2327 /* Pods */,
				2E93F056026A64462408A04A /* Frameworks */,
			);
			sourceTree = "<group>";
		};
		10A437F520BA1736006B12BC /* Products */ = {
			isa = PBXGroup;
			children = (
				10A437F420BA1736006B12BC /* FitPhotage.app */,
			);
			name = Products;
			sourceTree = "<group>";
		};
		10A437F620BA1736006B12BC /* FitPhotage */ = {
			isa = PBXGroup;
			children = (
				10810DE020BB220800BE941D /* Model */,
				10DD431A20BA471100E2DA1A /* Helpers */,
				1026609420BA377D00B0598A /* Controller */,
				1026609320BA377400B0598A /* View */,
				10A437F720BA1736006B12BC /* AppDelegate.swift */,
				10A437FB20BA1736006B12BC /* Main.storyboard */,
				10A437FE20BA173A006B12BC /* Assets.xcassets */,
				10A4380020BA173A006B12BC /* LaunchScreen.storyboard */,
				1026609520BA3D4800B0598A /* GoogleService-Info.plist */,
				10A4380320BA173A006B12BC /* Info.plist */,
			);
			path = FitPhotage;
			sourceTree = "<group>";
		};
		10DD431A20BA471100E2DA1A /* Helpers */ = {
			isa = PBXGroup;
			children = (
				10DD431B20BA473800E2DA1A /* Extensions.swift */,
			);
			path = Helpers;
			sourceTree = "<group>";
		};
		2E93F056026A64462408A04A /* Frameworks */ = {
			isa = PBXGroup;
			children = (
				A988870400DC7C0234E6C009 /* Pods_FitPhotage.framework */,
			);
			name = Frameworks;
			sourceTree = "<group>";
		};
		3E6738D63A36516ECAFD2327 /* Pods */ = {
			isa = PBXGroup;
			children = (
				9AA3534CE516804ECB1B7C89 /* Pods-FitPhotage.debug.xcconfig */,
				4DF3C6B736152613013CA963 /* Pods-FitPhotage.release.xcconfig */,
			);
			name = Pods;
			sourceTree = "<group>";
		};
/* End PBXGroup section */

/* Begin PBXNativeTarget section */
		10A437F320BA1736006B12BC /* FitPhotage */ = {
			isa = PBXNativeTarget;
			buildConfigurationList = 10A4380620BA173A006B12BC /* Build configuration list for PBXNativeTarget "FitPhotage" */;
			buildPhases = (
				3F249B735CA06694A9968D9A /* [CP] Check Pods Manifest.lock */,
				10A437F020BA1736006B12BC /* Sources */,
				10A437F120BA1736006B12BC /* Frameworks */,
				10A437F220BA1736006B12BC /* Resources */,
				C1DA4E8E9E7CC16E9C757B69 /* [CP] Embed Pods Frameworks */,
				CA6B52FEC332D8B37CA1F2C5 /* [CP] Copy Pods Resources */,
			);
			buildRules = (
			);
			dependencies = (
			);
			name = FitPhotage;
			productName = FitPhotage;
			productReference = 10A437F420BA1736006B12BC /* FitPhotage.app */;
			productType = "com.apple.product-type.application";
		};
/* End PBXNativeTarget section */

/* Begin PBXProject section */
		10A437EC20BA1736006B12BC /* Project object */ = {
			isa = PBXProject;
			attributes = {
				LastSwiftUpdateCheck = 0930;
				LastUpgradeCheck = 0930;
				ORGANIZATIONNAME = "Winged Burro Studios";
				TargetAttributes = {
					10A437F320BA1736006B12BC = {
						CreatedOnToolsVersion = 9.3.1;
					};
				};
			};
			buildConfigurationList = 10A437EF20BA1736006B12BC /* Build configuration list for PBXProject "FitPhotage" */;
			compatibilityVersion = "Xcode 9.3";
			developmentRegion = en;
			hasScannedForEncodings = 0;
			knownRegions = (
				en,
				Base,
			);
			mainGroup = 10A437EB20BA1736006B12BC;
			productRefGroup = 10A437F520BA1736006B12BC /* Products */;
			projectDirPath = "";
			projectRoot = "";
			targets = (
				10A437F320BA1736006B12BC /* FitPhotage */,
			);
		};
/* End PBXProject section */

/* Begin PBXResourcesBuildPhase section */
		10A437F220BA1736006B12BC /* Resources */ = {
			isa = PBXResourcesBuildPhase;
			buildActionMask = 2147483647;
			files = (
				10A4380220BA173A006B12BC /* LaunchScreen.storyboard in Resources */,
				1026609620BA3D4800B0598A /* GoogleService-Info.plist in Resources */,
				10A437FF20BA173A006B12BC /* Assets.xcassets in Resources */,
				10A437FD20BA1736006B12BC /* Main.storyboard in Resources */,
			);
			runOnlyForDeploymentPostprocessing = 0;
		};
/* End PBXResourcesBuildPhase section */

/* Begin PBXShellScriptBuildPhase section */
		3F249B735CA06694A9968D9A /* [CP] Check Pods Manifest.lock */ = {
			isa = PBXShellScriptBuildPhase;
			buildActionMask = 2147483647;
			files = (
			);
			inputPaths = (
				"${PODS_PODFILE_DIR_PATH}/Podfile.lock",
				"${PODS_ROOT}/Manifest.lock",
			);
			name = "[CP] Check Pods Manifest.lock";
			outputPaths = (
				"$(DERIVED_FILE_DIR)/Pods-FitPhotage-checkManifestLockResult.txt",
			);
			runOnlyForDeploymentPostprocessing = 0;
			shellPath = /bin/sh;
			shellScript = "diff \"${PODS_PODFILE_DIR_PATH}/Podfile.lock\" \"${PODS_ROOT}/Manifest.lock\" > /dev/null\nif [ $? != 0 ] ; then\n    # print error to STDERR\n    echo \"error: The sandbox is not in sync with the Podfile.lock. Run 'pod install' or update your CocoaPods installation.\" >&2\n    exit 1\nfi\n# This output is used by Xcode 'outputs' to avoid re-running this script phase.\necho \"SUCCESS\" > \"${SCRIPT_OUTPUT_FILE_0}\"\n";
			showEnvVarsInLog = 0;
		};
		C1DA4E8E9E7CC16E9C757B69 /* [CP] Embed Pods Frameworks */ = {
			isa = PBXShellScriptBuildPhase;
			buildActionMask = 2147483647;
			files = (
			);
			inputPaths = (
				"${SRCROOT}/Pods/Target Support Files/Pods-FitPhotage/Pods-FitPhotage-frameworks.sh",
				"${BUILT_PRODUCTS_DIR}/GTMOAuth2/GTMOAuth2.framework",
				"${BUILT_PRODUCTS_DIR}/GTMSessionFetcher/GTMSessionFetcher.framework",
				"${BUILT_PRODUCTS_DIR}/GoogleToolboxForMac/GoogleToolboxForMac.framework",
				"${BUILT_PRODUCTS_DIR}/leveldb-library/leveldb.framework",
				"${BUILT_PRODUCTS_DIR}/nanopb/nanopb.framework",
			);
			name = "[CP] Embed Pods Frameworks";
			outputPaths = (
				"${TARGET_BUILD_DIR}/${FRAMEWORKS_FOLDER_PATH}/GTMOAuth2.framework",
				"${TARGET_BUILD_DIR}/${FRAMEWORKS_FOLDER_PATH}/GTMSessionFetcher.framework",
				"${TARGET_BUILD_DIR}/${FRAMEWORKS_FOLDER_PATH}/GoogleToolboxForMac.framework",
				"${TARGET_BUILD_DIR}/${FRAMEWORKS_FOLDER_PATH}/leveldb.framework",
				"${TARGET_BUILD_DIR}/${FRAMEWORKS_FOLDER_PATH}/nanopb.framework",
			);
			runOnlyForDeploymentPostprocessing = 0;
			shellPath = /bin/sh;
			shellScript = "\"${SRCROOT}/Pods/Target Support Files/Pods-FitPhotage/Pods-FitPhotage-frameworks.sh\"\n";
			showEnvVarsInLog = 0;
		};
		CA6B52FEC332D8B37CA1F2C5 /* [CP] Copy Pods Resources */ = {
			isa = PBXShellScriptBuildPhase;
			buildActionMask = 2147483647;
			files = (
			);
			inputPaths = (
				"${SRCROOT}/Pods/Target Support Files/Pods-FitPhotage/Pods-FitPhotage-resources.sh",
				"${PODS_ROOT}/GoogleSignIn/Resources/GoogleSignIn.bundle",
			);
			name = "[CP] Copy Pods Resources";
			outputPaths = (
				"${TARGET_BUILD_DIR}/${UNLOCALIZED_RESOURCES_FOLDER_PATH}/GoogleSignIn.bundle",
			);
			runOnlyForDeploymentPostprocessing = 0;
			shellPath = /bin/sh;
			shellScript = "\"${SRCROOT}/Pods/Target Support Files/Pods-FitPhotage/Pods-FitPhotage-resources.sh\"\n";
			showEnvVarsInLog = 0;
		};
/* End PBXShellScriptBuildPhase section */

/* Begin PBXSourcesBuildPhase section */
		10A437F020BA1736006B12BC /* Sources */ = {
			isa = PBXSourcesBuildPhase;
			buildActionMask = 2147483647;
			files = (
				99FC86E820BA461C00EB4EA5 /* ProfileViewController.swift in Sources */,
				99FC86EC20BA480C00EB4EA5 /* BackgroundGradient.swift in Sources */,
				990AE07320BFA23800B2E088 /* TasksViewController.swift in Sources */,
				10FD274220BB9683004E05FE /* CustomTabBarController.swift in Sources */,
				10810DDB20BB1F6400BE941D /* User.swift in Sources */,
				1052884E20BE461800DA8511 /* RootViewController.swift in Sources */,
				10FD274420BBB944004E05FE /* ProfileImageView.swift in Sources */,
				1056165B20BC73C3006E8286 /* WorkoutCell.swift in Sources */,
				10A437FA20BA1736006B12BC /* LoginViewController.swift in Sources */,
				9941293A20C1F5BA00F38704 /* DocumentsViewController.swift in Sources */,
				990AE07120BFA11E00B2E088 /* TaskCell.swift in Sources */,
				99088E2D20BC52FC004DDF49 /* WorkoutsViewController.swift in Sources */,
				10DD431C20BA473800E2DA1A /* Extensions.swift in Sources */,
				9941293C20C1F5FE00F38704 /* DocumentCell.swift in Sources */,
				1046FB1120BC8F7500370749 /* ProfileTableViewCell.swift in Sources */,
				10810DDD20BB21C300BE941D /* Main.swift in Sources */,
				10A437F820BA1736006B12BC /* AppDelegate.swift in Sources */,
			);
			runOnlyForDeploymentPostprocessing = 0;
		};
/* End PBXSourcesBuildPhase section */

/* Begin PBXVariantGroup section */
		10A437FB20BA1736006B12BC /* Main.storyboard */ = {
			isa = PBXVariantGroup;
			children = (
				10A437FC20BA1736006B12BC /* Base */,
			);
			name = Main.storyboard;
			sourceTree = "<group>";
		};
		10A4380020BA173A006B12BC /* LaunchScreen.storyboard */ = {
			isa = PBXVariantGroup;
			children = (
				10A4380120BA173A006B12BC /* Base */,
			);
			name = LaunchScreen.storyboard;
			sourceTree = "<group>";
		};
/* End PBXVariantGroup section */

/* Begin XCBuildConfiguration section */
		10A4380420BA173A006B12BC /* Debug */ = {
			isa = XCBuildConfiguration;
			buildSettings = {
				ALWAYS_SEARCH_USER_PATHS = NO;
				CLANG_ANALYZER_NONNULL = YES;
				CLANG_ANALYZER_NUMBER_OBJECT_CONVERSION = YES_AGGRESSIVE;
				CLANG_CXX_LANGUAGE_STANDARD = "gnu++14";
				CLANG_CXX_LIBRARY = "libc++";
				CLANG_ENABLE_MODULES = YES;
				CLANG_ENABLE_OBJC_ARC = YES;
				CLANG_ENABLE_OBJC_WEAK = YES;
				CLANG_WARN_BLOCK_CAPTURE_AUTORELEASING = YES;
				CLANG_WARN_BOOL_CONVERSION = YES;
				CLANG_WARN_COMMA = YES;
				CLANG_WARN_CONSTANT_CONVERSION = YES;
				CLANG_WARN_DEPRECATED_OBJC_IMPLEMENTATIONS = YES;
				CLANG_WARN_DIRECT_OBJC_ISA_USAGE = YES_ERROR;
				CLANG_WARN_DOCUMENTATION_COMMENTS = YES;
				CLANG_WARN_EMPTY_BODY = YES;
				CLANG_WARN_ENUM_CONVERSION = YES;
				CLANG_WARN_INFINITE_RECURSION = YES;
				CLANG_WARN_INT_CONVERSION = YES;
				CLANG_WARN_NON_LITERAL_NULL_CONVERSION = YES;
				CLANG_WARN_OBJC_IMPLICIT_RETAIN_SELF = YES;
				CLANG_WARN_OBJC_LITERAL_CONVERSION = YES;
				CLANG_WARN_OBJC_ROOT_CLASS = YES_ERROR;
				CLANG_WARN_RANGE_LOOP_ANALYSIS = YES;
				CLANG_WARN_STRICT_PROTOTYPES = YES;
				CLANG_WARN_SUSPICIOUS_MOVE = YES;
				CLANG_WARN_UNGUARDED_AVAILABILITY = YES_AGGRESSIVE;
				CLANG_WARN_UNREACHABLE_CODE = YES;
				CLANG_WARN__DUPLICATE_METHOD_MATCH = YES;
				CODE_SIGN_IDENTITY = "iPhone Developer";
				COPY_PHASE_STRIP = NO;
				DEBUG_INFORMATION_FORMAT = dwarf;
				ENABLE_STRICT_OBJC_MSGSEND = YES;
				ENABLE_TESTABILITY = YES;
				GCC_C_LANGUAGE_STANDARD = gnu11;
				GCC_DYNAMIC_NO_PIC = NO;
				GCC_NO_COMMON_BLOCKS = YES;
				GCC_OPTIMIZATION_LEVEL = 0;
				GCC_PREPROCESSOR_DEFINITIONS = (
					"DEBUG=1",
					"$(inherited)",
				);
				GCC_WARN_64_TO_32_BIT_CONVERSION = YES;
				GCC_WARN_ABOUT_RETURN_TYPE = YES_ERROR;
				GCC_WARN_UNDECLARED_SELECTOR = YES;
				GCC_WARN_UNINITIALIZED_AUTOS = YES_AGGRESSIVE;
				GCC_WARN_UNUSED_FUNCTION = YES;
				GCC_WARN_UNUSED_VARIABLE = YES;
				IPHONEOS_DEPLOYMENT_TARGET = 11.3;
				MTL_ENABLE_DEBUG_INFO = YES;
				ONLY_ACTIVE_ARCH = YES;
				SDKROOT = iphoneos;
				SWIFT_ACTIVE_COMPILATION_CONDITIONS = DEBUG;
				SWIFT_OPTIMIZATION_LEVEL = "-Onone";
			};
			name = Debug;
		};
		10A4380520BA173A006B12BC /* Release */ = {
			isa = XCBuildConfiguration;
			buildSettings = {
				ALWAYS_SEARCH_USER_PATHS = NO;
				CLANG_ANALYZER_NONNULL = YES;
				CLANG_ANALYZER_NUMBER_OBJECT_CONVERSION = YES_AGGRESSIVE;
				CLANG_CXX_LANGUAGE_STANDARD = "gnu++14";
				CLANG_CXX_LIBRARY = "libc++";
				CLANG_ENABLE_MODULES = YES;
				CLANG_ENABLE_OBJC_ARC = YES;
				CLANG_ENABLE_OBJC_WEAK = YES;
				CLANG_WARN_BLOCK_CAPTURE_AUTORELEASING = YES;
				CLANG_WARN_BOOL_CONVERSION = YES;
				CLANG_WARN_COMMA = YES;
				CLANG_WARN_CONSTANT_CONVERSION = YES;
				CLANG_WARN_DEPRECATED_OBJC_IMPLEMENTATIONS = YES;
				CLANG_WARN_DIRECT_OBJC_ISA_USAGE = YES_ERROR;
				CLANG_WARN_DOCUMENTATION_COMMENTS = YES;
				CLANG_WARN_EMPTY_BODY = YES;
				CLANG_WARN_ENUM_CONVERSION = YES;
				CLANG_WARN_INFINITE_RECURSION = YES;
				CLANG_WARN_INT_CONVERSION = YES;
				CLANG_WARN_NON_LITERAL_NULL_CONVERSION = YES;
				CLANG_WARN_OBJC_IMPLICIT_RETAIN_SELF = YES;
				CLANG_WARN_OBJC_LITERAL_CONVERSION = YES;
				CLANG_WARN_OBJC_ROOT_CLASS = YES_ERROR;
				CLANG_WARN_RANGE_LOOP_ANALYSIS = YES;
				CLANG_WARN_STRICT_PROTOTYPES = YES;
				CLANG_WARN_SUSPICIOUS_MOVE = YES;
				CLANG_WARN_UNGUARDED_AVAILABILITY = YES_AGGRESSIVE;
				CLANG_WARN_UNREACHABLE_CODE = YES;
				CLANG_WARN__DUPLICATE_METHOD_MATCH = YES;
				CODE_SIGN_IDENTITY = "iPhone Developer";
				COPY_PHASE_STRIP = NO;
				DEBUG_INFORMATION_FORMAT = "dwarf-with-dsym";
				ENABLE_NS_ASSERTIONS = NO;
				ENABLE_STRICT_OBJC_MSGSEND = YES;
				GCC_C_LANGUAGE_STANDARD = gnu11;
				GCC_NO_COMMON_BLOCKS = YES;
				GCC_WARN_64_TO_32_BIT_CONVERSION = YES;
				GCC_WARN_ABOUT_RETURN_TYPE = YES_ERROR;
				GCC_WARN_UNDECLARED_SELECTOR = YES;
				GCC_WARN_UNINITIALIZED_AUTOS = YES_AGGRESSIVE;
				GCC_WARN_UNUSED_FUNCTION = YES;
				GCC_WARN_UNUSED_VARIABLE = YES;
				IPHONEOS_DEPLOYMENT_TARGET = 11.3;
				MTL_ENABLE_DEBUG_INFO = NO;
				SDKROOT = iphoneos;
				SWIFT_COMPILATION_MODE = wholemodule;
				SWIFT_OPTIMIZATION_LEVEL = "-O";
				VALIDATE_PRODUCT = YES;
			};
			name = Release;
		};
		10A4380720BA173A006B12BC /* Debug */ = {
			isa = XCBuildConfiguration;
			baseConfigurationReference = 9AA3534CE516804ECB1B7C89 /* Pods-FitPhotage.debug.xcconfig */;
			buildSettings = {
				ASSETCATALOG_COMPILER_APPICON_NAME = AppIcon;
				CODE_SIGN_STYLE = Automatic;
				DEVELOPMENT_TEAM = Y6U7ND8D4U;
				INFOPLIST_FILE = FitPhotage/Info.plist;
				LD_RUNPATH_SEARCH_PATHS = (
					"$(inherited)",
					"@executable_path/Frameworks",
				);
				PRODUCT_BUNDLE_IDENTIFIER = wingedburrostudios.FitPhotage14;
				PRODUCT_NAME = "$(TARGET_NAME)";
				SWIFT_VERSION = 4.0;
				TARGETED_DEVICE_FAMILY = "1,2";
			};
			name = Debug;
		};
		10A4380820BA173A006B12BC /* Release */ = {
			isa = XCBuildConfiguration;
			baseConfigurationReference = 4DF3C6B736152613013CA963 /* Pods-FitPhotage.release.xcconfig */;
			buildSettings = {
				ASSETCATALOG_COMPILER_APPICON_NAME = AppIcon;
				CODE_SIGN_STYLE = Automatic;
				DEVELOPMENT_TEAM = Y6U7ND8D4U;
				INFOPLIST_FILE = FitPhotage/Info.plist;
				LD_RUNPATH_SEARCH_PATHS = (
					"$(inherited)",
					"@executable_path/Frameworks",
				);
				PRODUCT_BUNDLE_IDENTIFIER = wingedburrostudios.FitPhotage14;
				PRODUCT_NAME = "$(TARGET_NAME)";
				SWIFT_VERSION = 4.0;
				TARGETED_DEVICE_FAMILY = "1,2";
			};
			name = Release;
		};
/* End XCBuildConfiguration section */

/* Begin XCConfigurationList section */
		10A437EF20BA1736006B12BC /* Build configuration list for PBXProject "FitPhotage" */ = {
			isa = XCConfigurationList;
			buildConfigurations = (
				10A4380420BA173A006B12BC /* Debug */,
				10A4380520BA173A006B12BC /* Release */,
			);
			defaultConfigurationIsVisible = 0;
			defaultConfigurationName = Release;
		};
		10A4380620BA173A006B12BC /* Build configuration list for PBXNativeTarget "FitPhotage" */ = {
			isa = XCConfigurationList;
			buildConfigurations = (
				10A4380720BA173A006B12BC /* Debug */,
				10A4380820BA173A006B12BC /* Release */,
			);
			defaultConfigurationIsVisible = 0;
			defaultConfigurationName = Release;
		};
/* End XCConfigurationList section */
	};
	rootObject = 10A437EC20BA1736006B12BC /* Project object */;
}
